<Solution>
  <Project Path="1-7 tasks/1-7 tasks.csproj" Id="86ae9ffe-2a5b-4d0c-8b8b-d0490f13f259" />
  <Project Path="session 3 tasks/session 3 tasks.csproj" Id="1650731d-41f4-4d7f-9d07-e9c3c631db18" />
  <Project Path="session 4/session 4.csproj" Id="cb0a2e91-2b68-409f-bf69-69e033560c15" />
  <Project Path="session1/session1.csproj" />
  <Project Path="Session2_Tasks/Session2_Tasks.csproj" Id="91993584-9240-4acb-8174-00d874b3cd3c" />
  <Project Path="session5/session5.csproj" Id="b79a121a-c7df-4b56-b414-d1de690869f2" />
</Solution>
